// !$*UTF8*$!
{
	archiveVersion = 1;
	classes = {
	};
	objectVersion = 77;
	objects = {

/* Begin PBXContainerItemProxy section */
		2AEEF9B82D94D701007F6AB9 /* PBXContainerItemProxy */ = {
			isa = PBXContainerItemProxy;
			containerPortal = 2AEEF9992D94D6FF007F6AB9 /* Project object */;
			proxyType = 1;
			remoteGlobalIDString = 2AEEF9A02D94D700007F6AB9;
			remoteInfo = ExploringKotlinAndSwiftSyntaxSwift;
		};
		2AEEF9C22D94D701007F6AB9 /* PBXContainerItemProxy */ = {
			isa = PBXContainerItemProxy;
			containerPortal = 2AEEF9992D94D6FF007F6AB9 /* Project object */;
			proxyType = 1;
			remoteGlobalIDString = 2AEEF9A02D94D700007F6AB9;
			remoteInfo = ExploringKotlinAndSwiftSyntaxSwift;
		};
/* End PBXContainerItemProxy section */

/* Begin PBXFileReference section */
		2AEEF9A12D94D700007F6AB9 /* ExploringKotlinAndSwiftSyntaxSwift.app */ = {isa = PBXFileReference; explicitFileType = wrapper.application; includeInIndex = 0; path = ExploringKotlinAndSwiftSyntaxSwift.app; sourceTree = BUILT_PRODUCTS_DIR; };
		2AEEF9B72D94D701007F6AB9 /* ExploringKotlinAndSwiftSyntaxSwiftTests.xctest */ = {isa = PBXFileReference; explicitFileType = wrapper.cfbundle; includeInIndex = 0; path = ExploringKotlinAndSwiftSyntaxSwiftTests.xctest; sourceTree = BUILT_PRODUCTS_DIR; };
		2AEEF9C12D94D701007F6AB9 /* ExploringKotlinAndSwiftSyntaxSwiftUITests.xctest */ = {isa = PBXFileReference; explicitFileType = wrapper.cfbundle; includeInIndex = 0; path = ExploringKotlinAndSwiftSyntaxSwiftUITests.xctest; sourceTree = BUILT_PRODUCTS_DIR; };
/* End PBXFileReference section */

/* Begin PBXFileSystemSynchronizedBuildFileExceptionSet section */
		2AEEF9C92D94D701007F6AB9 /* Exceptions for "ExploringKotlinAndSwiftSyntaxSwift" folder in "ExploringKotlinAndSwiftSyntaxSwift" target */ = {
			isa = PBXFileSystemSynchronizedBuildFileExceptionSet;
			membershipExceptions = (
				Info.plist,
			);
			target = 2AEEF9A02D94D700007F6AB9 /* ExploringKotlinAndSwiftSyntaxSwift */;
		};
/* End PBXFileSystemSynchronizedBuildFileExceptionSet section */

/* Begin PBXFileSystemSynchronizedRootGroup section */
		2AEEF9A32D94D700007F6AB9 /* ExploringKotlinAndSwiftSyntaxSwift */ = {
			isa = PBXFileSystemSynchronizedRootGroup;
			exceptions = (
				2AEEF9C92D94D701007F6AB9 /* Exceptions for "ExploringKotlinAndSwiftSyntaxSwift" folder in "ExploringKotlinAndSwiftSyntaxSwift" target */,
			);
			path = ExploringKotlinAndSwiftSyntaxSwift;
			sourceTree = "<group>";
		};
		2AEEF9BA2D94D701007F6AB9 /* ExploringKotlinAndSwiftSyntaxSwiftTests */ = {
			isa = PBXFileSystemSynchronizedRootGroup;
			path = ExploringKotlinAndSwiftSyntaxSwiftTests;
			sourceTree = "<group>";
		};
		2AEEF9C42D94D701007F6AB9 /* ExploringKotlinAndSwiftSyntaxSwiftUITests */ = {
			isa = PBXFileSystemSynchronizedRootGroup;
			path = ExploringKotlinAndSwiftSyntaxSwiftUITests;
			sourceTree = "<group>";
		};
/* End PBXFileSystemSynchronizedRootGroup section */

/* Begin PBXFrameworksBuildPhase section */
		2AEEF99E2D94D700007F6AB9 /* Frameworks */ = {
			isa = PBXFrameworksBuildPhase;
			buildActionMask = 2147483647;
			files = (
			);
			runOnlyForDeploymentPostprocessing = 0;
		};
		2AEEF9B42D94D701007F6AB9 /* Frameworks */ = {
			isa = PBXFrameworksBuildPhase;
			buildActionMask = 2147483647;
			files = (
			);
			runOnlyForDeploymentPostprocessing = 0;
		};
		2AEEF9BE2D94D701007F6AB9 /* Frameworks */ = {
			isa = PBXFrameworksBuildPhase;
			buildActionMask = 2147483647;
			files = (
			);
			runOnlyForDeploymentPostprocessing = 0;
		};
/* End PBXFrameworksBuildPhase section */

/* Begin PBXGroup section */
		2AEEF9982D94D6FF007F6AB9 = {
			isa = PBXGroup;
			children = (
				2AEEF9A32D94D700007F6AB9 /* ExploringKotlinAndSwiftSyntaxSwift */,
				2AEEF9BA2D94D701007F6AB9 /* ExploringKotlinAndSwiftSyntaxSwiftTests */,
				2AEEF9C42D94D701007F6AB9 /* ExploringKotlinAndSwiftSyntaxSwiftUITests */,
				2AEEF9A22D94D700007F6AB9 /* Products */,
			);
			sourceTree = "<group>";
		};
		2AEEF9A22D94D700007F6AB9 /* Products */ = {
			isa = PBXGroup;
			children = (
				2AEEF9A12D94D700007F6AB9 /* ExploringKotlinAndSwiftSyntaxSwift.app */,
				2AEEF9B72D94D701007F6AB9 /* ExploringKotlinAndSwiftSyntaxSwiftTests.xctest */,
				2AEEF9C12D94D701007F6AB9 /* ExploringKotlinAndSwiftSyntaxSwiftUITests.xctest */,
			);
			name = Products;
			sourceTree = "<group>";
		};
/* End PBXGroup section */

/* Begin PBXNativeTarget section */
		2AEEF9A02D94D700007F6AB9 /* ExploringKotlinAndSwiftSyntaxSwift */ = {
			isa = PBXNativeTarget;
			buildConfigurationList = 2AEEF9CA2D94D701007F6AB9 /* Build configuration list for PBXNativeTarget "ExploringKotlinAndSwiftSyntaxSwift" */;
			buildPhases = (
				2AEEF99D2D94D700007F6AB9 /* Sources */,
				2AEEF99E2D94D700007F6AB9 /* Frameworks */,
				2AEEF99F2D94D700007F6AB9 /* Resources */,
			);
			buildRules = (
			);
			dependencies = (
			);
			fileSystemSynchronizedGroups = (
				2AEEF9A32D94D700007F6AB9 /* ExploringKotlinAndSwiftSyntaxSwift */,
			);
			name = ExploringKotlinAndSwiftSyntaxSwift;
			packageProductDependencies = (
			);
			productName = ExploringKotlinAndSwiftSyntaxSwift;
			productReference = 2AEEF9A12D94D700007F6AB9 /* ExploringKotlinAndSwiftSyntaxSwift.app */;
			productType = "com.apple.product-type.application";
		};
		2AEEF9B62D94D701007F6AB9 /* ExploringKotlinAndSwiftSyntaxSwiftTests */ = {
			isa = PBXNativeTarget;
			buildConfigurationList = 2AEEF9CF2D94D701007F6AB9 /* Build configuration list for PBXNativeTarget "ExploringKotlinAndSwiftSyntaxSwiftTests" */;
			buildPhases = (
				2AEEF9B32D94D701007F6AB9 /* Sources */,
				2AEEF9B42D94D701007F6AB9 /* Frameworks */,
				2AEEF9B52D94D701007F6AB9 /* Resources */,
			);
			buildRules = (
			);
			dependencies = (
				2AEEF9B92D94D701007F6AB9 /* PBXTargetDependency */,
			);
			fileSystemSynchronizedGroups = (
				2AEEF9BA2D94D701007F6AB9 /* ExploringKotlinAndSwiftSyntaxSwiftTests */,
			);
			name = ExploringKotlinAndSwiftSyntaxSwiftTests;
			packageProductDependencies = (
			);
			productName = ExploringKotlinAndSwiftSyntaxSwiftTests;
			productReference = 2AEEF9B72D94D701007F6AB9 /* ExploringKotlinAndSwiftSyntaxSwiftTests.xctest */;
			productType = "com.apple.product-type.bundle.unit-test";
		};
		2AEEF9C02D94D701007F6AB9 /* ExploringKotlinAndSwiftSyntaxSwiftUITests */ = {
			isa = PBXNativeTarget;
			buildConfigurationList = 2AEEF9D22D94D701007F6AB9 /* Build configuration list for PBXNativeTarget "ExploringKotlinAndSwiftSyntaxSwiftUITests" */;
			buildPhases = (
				2AEEF9BD2D94D701007F6AB9 /* Sources */,
				2AEEF9BE2D94D701007F6AB9 /* Frameworks */,
				2AEEF9BF2D94D701007F6AB9 /* Resources */,
			);
			buildRules = (
			);
			dependencies = (
				2AEEF9C32D94D701007F6AB9 /* PBXTargetDependency */,
			);
			fileSystemSynchronizedGroups = (
				2AEEF9C42D94D701007F6AB9 /* ExploringKotlinAndSwiftSyntaxSwiftUITests */,
			);
			name = ExploringKotlinAndSwiftSyntaxSwiftUITests;
			packageProductDependencies = (
			);
			productName = ExploringKotlinAndSwiftSyntaxSwiftUITests;
			productReference = 2AEEF9C12D94D701007F6AB9 /* ExploringKotlinAndSwiftSyntaxSwiftUITests.xctest */;
			productType = "com.apple.product-type.bundle.ui-testing";
		};
/* End PBXNativeTarget section */

/* Begin PBXProject section */
		2AEEF9992D94D6FF007F6AB9 /* Project object */ = {
			isa = PBXProject;
			attributes = {
				BuildIndependentTargetsInParallel = 1;
				LastSwiftUpdateCheck = 1620;
				LastUpgradeCheck = 1620;
				TargetAttributes = {
					2AEEF9A02D94D700007F6AB9 = {
						CreatedOnToolsVersion = 16.2;
					};
					2AEEF9B62D94D701007F6AB9 = {
						CreatedOnToolsVersion = 16.2;
						TestTargetID = 2AEEF9A02D94D700007F6AB9;
					};
					2AEEF9C02D94D701007F6AB9 = {
						CreatedOnToolsVersion = 16.2;
						TestTargetID = 2AEEF9A02D94D700007F6AB9;
					};
				};
			};
			buildConfigurationList = 2AEEF99C2D94D6FF007F6AB9 /* Build configuration list for PBXProject "ExploringKotlinAndSwiftSyntaxSwift" */;
			developmentRegion = en;
			hasScannedForEncodings = 0;
			knownRegions = (
				en,
				Base,
			);
			mainGroup = 2AEEF9982D94D6FF007F6AB9;
			minimizedProjectReferenceProxies = 1;
			preferredProjectObjectVersion = 77;
			productRefGroup = 2AEEF9A22D94D700007F6AB9 /* Products */;
			projectDirPath = "";
			projectRoot = "";
			targets = (
				2AEEF9A02D94D700007F6AB9 /* ExploringKotlinAndSwiftSyntaxSwift */,
				2AEEF9B62D94D701007F6AB9 /* ExploringKotlinAndSwiftSyntaxSwiftTests */,
				2AEEF9C02D94D701007F6AB9 /* ExploringKotlinAndSwiftSyntaxSwiftUITests */,
			);
		};
/* End PBXProject section */

/* Begin PBXResourcesBuildPhase section */
		2AEEF99F2D94D700007F6AB9 /* Resources */ = {
			isa = PBXResourcesBuildPhase;
			buildActionMask = 2147483647;
			files = (
			);
			runOnlyForDeploymentPostprocessing = 0;
		};
		2AEEF9B52D94D701007F6AB9 /* Resources */ = {
			isa = PBXResourcesBuildPhase;
			buildActionMask = 2147483647;
			files = (
			);
			runOnlyForDeploymentPostprocessing = 0;
		};
		2AEEF9BF2D94D701007F6AB9 /* Resources */ = {
			isa = PBXResourcesBuildPhase;
			buildActionMask = 2147483647;
			files = (
			);
			runOnlyForDeploymentPostprocessing = 0;
		};
/* End PBXResourcesBuildPhase section */

/* Begin PBXSourcesBuildPhase section */
		2AEEF99D2D94D700007F6AB9 /* Sources */ = {
			isa = PBXSourcesBuildPhase;
			buildActionMask = 2147483647;
			files = (
			);
			runOnlyForDeploymentPostprocessing = 0;
		};
		2AEEF9B32D94D701007F6AB9 /* Sources */ = {
			isa = PBXSourcesBuildPhase;
			buildActionMask = 2147483647;
			files = (
			);
			runOnlyForDeploymentPostprocessing = 0;
		};
		2AEEF9BD2D94D701007F6AB9 /* Sources */ = {
			isa = PBXSourcesBuildPhase;
			buildActionMask = 2147483647;
			files = (
			);
			runOnlyForDeploymentPostprocessing = 0;
		};
/* End PBXSourcesBuildPhase section */

/* Begin PBXTargetDependency section */
		2AEEF9B92D94D701007F6AB9 /* PBXTargetDependency */ = {
			isa = PBXTargetDependency;
			target = 2AEEF9A02D94D700007F6AB9 /* ExploringKotlinAndSwiftSyntaxSwift */;
			targetProxy = 2AEEF9B82D94D701007F6AB9 /* PBXContainerItemProxy */;
		};
		2AEEF9C32D94D701007F6AB9 /* PBXTargetDependency */ = {
			isa = PBXTargetDependency;
			target = 2AEEF9A02D94D700007F6AB9 /* ExploringKotlinAndSwiftSyntaxSwift */;
			targetProxy = 2AEEF9C22D94D701007F6AB9 /* PBXContainerItemProxy */;
		};
/* End PBXTargetDependency section */

/* Begin XCBuildConfiguration section */
		2AEEF9CB2D94D701007F6AB9 /* Debug */ = {
			isa = XCBuildConfiguration;
			buildSettings = {
				ASSETCATALOG_COMPILER_APPICON_NAME = AppIcon;
				ASSETCATALOG_COMPILER_GLOBAL_ACCENT_COLOR_NAME = AccentColor;
				CODE_SIGN_STYLE = Automatic;
				CURRENT_PROJECT_VERSION = 1;
				DEVELOPMENT_TEAM = 5S22W76BBZ;
				GENERATE_INFOPLIST_FILE = YES;
				INFOPLIST_FILE = ExploringKotlinAndSwiftSyntaxSwift/Info.plist;
				INFOPLIST_KEY_UIApplicationSupportsIndirectInputEvents = YES;
				INFOPLIST_KEY_UILaunchStoryboardName = LaunchScreen;
				INFOPLIST_KEY_UIMainStoryboardFile = Main;
				INFOPLIST_KEY_UISupportedInterfaceOrientations_iPad = "UIInterfaceOrientationPortrait UIInterfaceOrientationPortraitUpsideDown UIInterfaceOrientationLandscapeLeft UIInterfaceOrientationLandscapeRight";
				INFOPLIST_KEY_UISupportedInterfaceOrientations_iPhone = "UIInterfaceOrientationPortrait UIInterfaceOrientationLandscapeLeft UIInterfaceOrientationLandscapeRight";
				LD_RUNPATH_SEARCH_PATHS = (
					"$(inherited)",
					"@executable_path/Frameworks",
				);
				MARKETING_VERSION = 1.0;
				PRODUCT_BUNDLE_IDENTIFIER = com.kevinhomorales.ExploringKotlinAndSwiftSyntaxSwift;
				PRODUCT_NAME = "$(TARGET_NAME)";
				SWIFT_EMIT_LOC_STRINGS = YES;
				SWIFT_VERSION = 5.0;
				TARGETED_DEVICE_FAMILY = "1,2";
			};
			name = Debug;
		};
		2AEEF9CC2D94D701007F6AB9 /* Release */ = {
			isa = XCBuildConfiguration;
			buildSettings = {
				ASSETCATALOG_COMPILER_APPICON_NAME = AppIcon;
				ASSETCATALOG_COMPILER_GLOBAL_ACCENT_COLOR_NAME = AccentColor;
				CODE_SIGN_STYLE = Automatic;
				CURRENT_PROJECT_VERSION = 1;
				DEVELOPMENT_TEAM = 5S22W76BBZ;
				GENERATE_INFOPLIST_FILE = YES;
				INFOPLIST_FILE = ExploringKotlinAndSwiftSyntaxSwift/Info.plist;
				INFOPLIST_KEY_UIApplicationSupportsIndirectInputEvents = YES;
				INFOPLIST_KEY_UILaunchStoryboardName = LaunchScreen;
				INFOPLIST_KEY_UIMainStoryboardFile = Main;
				INFOPLIST_KEY_UISupportedInterfaceOrientations_iPad = "UIInterfaceOrientationPortrait UIInterfaceOrientationPortraitUpsideDown UIInterfaceOrientationLandscapeLeft UIInterfaceOrientationLandscapeRight";
				INFOPLIST_KEY_UISupportedInterfaceOrientations_iPhone = "UIInterfaceOrientationPortrait UIInterfaceOrientationLandscapeLeft UIInterfaceOrientationLandscapeRight";
				LD_RUNPATH_SEARCH_PATHS = (
					"$(inherited)",
					"@executable_path/Frameworks",
				);
				MARKETING_VERSION = 1.0;
				PRODUCT_BUNDLE_IDENTIFIER = com.kevinhomorales.ExploringKotlinAndSwiftSyntaxSwift;
				PRODUCT_NAME = "$(TARGET_NAME)";
				SWIFT_EMIT_LOC_STRINGS = YES;
				SWIFT_VERSION = 5.0;
				TARGETED_DEVICE_FAMILY = "1,2";
			};
			name = Release;
		};
		2AEEF9CD2D94D701007F6AB9 /* Debug */ = {
			isa = XCBuildConfiguration;
			buildSettings = {
				ALWAYS_SEARCH_USER_PATHS = NO;
				ASSETCATALOG_COMPILER_GENERATE_SWIFT_ASSET_SYMBOL_EXTENSIONS = YES;
				CLANG_ANALYZER_NONNULL = YES;
				CLANG_ANALYZER_NUMBER_OBJECT_CONVERSION = YES_AGGRESSIVE;
				CLANG_CXX_LANGUAGE_STANDARD = "gnu++20";
				CLANG_ENABLE_MODULES = YES;
				CLANG_ENABLE_OBJC_ARC = YES;
				CLANG_ENABLE_OBJC_WEAK = YES;
				CLANG_WARN_BLOCK_CAPTURE_AUTORELEASING = YES;
				CLANG_WARN_BOOL_CONVERSION = YES;
				CLANG_WARN_COMMA = YES;
				CLANG_WARN_CONSTANT_CONVERSION = YES;
				CLANG_WARN_DEPRECATED_OBJC_IMPLEMENTATIONS = YES;
				CLANG_WARN_DIRECT_OBJC_ISA_USAGE = YES_ERROR;
				CLANG_WARN_DOCUMENTATION_COMMENTS = YES;
				CLANG_WARN_EMPTY_BODY = YES;
				CLANG_WARN_ENUM_CONVERSION = YES;
				CLANG_WARN_INFINITE_RECURSION = YES;
				CLANG_WARN_INT_CONVERSION = YES;
				CLANG_WARN_NON_LITERAL_NULL_CONVERSION = YES;
				CLANG_WARN_OBJC_IMPLICIT_RETAIN_SELF = YES;
				CLANG_WARN_OBJC_LITERAL_CONVERSION = YES;
				CLANG_WARN_OBJC_ROOT_CLASS = YES_ERROR;
				CLANG_WARN_QUOTED_INCLUDE_IN_FRAMEWORK_HEADER = YES;
				CLANG_WARN_RANGE_LOOP_ANALYSIS = YES;
				CLANG_WARN_STRICT_PROTOTYPES = YES;
				CLANG_WARN_SUSPICIOUS_MOVE = YES;
				CLANG_WARN_UNGUARDED_AVAILABILITY = YES_AGGRESSIVE;
				CLANG_WARN_UNREACHABLE_CODE = YES;
				CLANG_WARN__DUPLICATE_METHOD_MATCH = YES;
				COPY_PHASE_STRIP = NO;
				DEBUG_INFORMATION_FORMAT = dwarf;
				ENABLE_STRICT_OBJC_MSGSEND = YES;
				ENABLE_TESTABILITY = YES;
				ENABLE_USER_SCRIPT_SANDBOXING = YES;
				GCC_C_LANGUAGE_STANDARD = gnu17;
				GCC_DYNAMIC_NO_PIC = NO;
				GCC_NO_COMMON_BLOCKS = YES;
				GCC_OPTIMIZATION_LEVEL = 0;
				GCC_PREPROCESSOR_DEFINITIONS = (
					"DEBUG=1",
					"$(inherited)",
				);
				GCC_WARN_64_TO_32_BIT_CONVERSION = YES;
				GCC_WARN_ABOUT_RETURN_TYPE = YES_ERROR;
				GCC_WARN_UNDECLARED_SELECTOR = YES;
				GCC_WARN_UNINITIALIZED_AUTOS = YES_AGGRESSIVE;
				GCC_WARN_UNUSED_FUNCTION = YES;
				GCC_WARN_UNUSED_VARIABLE = YES;
				IPHONEOS_DEPLOYMENT_TARGET = 18.2;
				LOCALIZATION_PREFERS_STRING_CATALOGS = YES;
				MTL_ENABLE_DEBUG_INFO = INCLUDE_SOURCE;
				MTL_FAST_MATH = YES;
				ONLY_ACTIVE_ARCH = YES;
				SDKROOT = iphoneos;
				SWIFT_ACTIVE_COMPILATION_CONDITIONS = "DEBUG $(inherited)";
				SWIFT_OPTIMIZATION_LEVEL = "-Onone";
			};
			name = Debug;
		};
		2AEEF9CE2D94D701007F6AB9 /* Release */ = {
			isa = XCBuildConfiguration;
			buildSettings = {
				ALWAYS_SEARCH_USER_PATHS = NO;
				ASSETCATALOG_COMPILER_GENERATE_SWIFT_ASSET_SYMBOL_EXTENSIONS = YES;
				CLANG_ANALYZER_NONNULL = YES;
				CLANG_ANALYZER_NUMBER_OBJECT_CONVERSION = YES_AGGRESSIVE;
				CLANG_CXX_LANGUAGE_STANDARD = "gnu++20";
				CLANG_ENABLE_MODULES = YES;
				CLANG_ENABLE_OBJC_ARC = YES;
				CLANG_ENABLE_OBJC_WEAK = YES;
				CLANG_WARN_BLOCK_CAPTURE_AUTORELEASING = YES;
				CLANG_WARN_BOOL_CONVERSION = YES;
				CLANG_WARN_COMMA = YES;
				CLANG_WARN_CONSTANT_CONVERSION = YES;
				CLANG_WARN_DEPRECATED_OBJC_IMPLEMENTATIONS = YES;
				CLANG_WARN_DIRECT_OBJC_ISA_USAGE = YES_ERROR;
				CLANG_WARN_DOCUMENTATION_COMMENTS = YES;
				CLANG_WARN_EMPTY_BODY = YES;
				CLANG_WARN_ENUM_CONVERSION = YES;
				CLANG_WARN_INFINITE_RECURSION = YES;
				CLANG_WARN_INT_CONVERSION = YES;
				CLANG_WARN_NON_LITERAL_NULL_CONVERSION = YES;
				CLANG_WARN_OBJC_IMPLICIT_RETAIN_SELF = YES;
				CLANG_WARN_OBJC_LITERAL_CONVERSION = YES;
				CLANG_WARN_OBJC_ROOT_CLASS = YES_ERROR;
				CLANG_WARN_QUOTED_INCLUDE_IN_FRAMEWORK_HEADER = YES;
				CLANG_WARN_RANGE_LOOP_ANALYSIS = YES;
				CLANG_WARN_STRICT_PROTOTYPES = YES;
				CLANG_WARN_SUSPICIOUS_MOVE = YES;
				CLANG_WARN_UNGUARDED_AVAILABILITY = YES_AGGRESSIVE;
				CLANG_WARN_UNREACHABLE_CODE = YES;
				CLANG_WARN__DUPLICATE_METHOD_MATCH = YES;
				COPY_PHASE_STRIP = NO;
				DEBUG_INFORMATION_FORMAT = "dwarf-with-dsym";
				ENABLE_NS_ASSERTIONS = NO;
				ENABLE_STRICT_OBJC_MSGSEND = YES;
				ENABLE_USER_SCRIPT_SANDBOXING = YES;
				GCC_C_LANGUAGE_STANDARD = gnu17;
				GCC_NO_COMMON_BLOCKS = YES;
				GCC_WARN_64_TO_32_BIT_CONVERSION = YES;
				GCC_WARN_ABOUT_RETURN_TYPE = YES_ERROR;
				GCC_WARN_UNDECLARED_SELECTOR = YES;
				GCC_WARN_UNINITIALIZED_AUTOS = YES_AGGRESSIVE;
				GCC_WARN_UNUSED_FUNCTION = YES;
				GCC_WARN_UNUSED_VARIABLE = YES;
				IPHONEOS_DEPLOYMENT_TARGET = 18.2;
				LOCALIZATION_PREFERS_STRING_CATALOGS = YES;
				MTL_ENABLE_DEBUG_INFO = NO;
				MTL_FAST_MATH = YES;
				SDKROOT = iphoneos;
				SWIFT_COMPILATION_MODE = wholemodule;
				VALIDATE_PRODUCT = YES;
			};
			name = Release;
		};
		2AEEF9D02D94D701007F6AB9 /* Debug */ = {
			isa = XCBuildConfiguration;
			buildSettings = {
				BUNDLE_LOADER = "$(TEST_HOST)";
				CODE_SIGN_STYLE = Automatic;
				CURRENT_PROJECT_VERSION = 1;
				DEVELOPMENT_TEAM = 5S22W76BBZ;
				GENERATE_INFOPLIST_FILE = YES;
				IPHONEOS_DEPLOYMENT_TARGET = 18.2;
				MARKETING_VERSION = 1.0;
				PRODUCT_BUNDLE_IDENTIFIER = com.kevinhomorales.ExploringKotlinAndSwiftSyntaxSwiftTests;
				PRODUCT_NAME = "$(TARGET_NAME)";
				SWIFT_EMIT_LOC_STRINGS = NO;
				SWIFT_VERSION = 5.0;
				TARGETED_DEVICE_FAMILY = "1,2";
				TEST_HOST = "$(BUILT_PRODUCTS_DIR)/ExploringKotlinAndSwiftSyntaxSwift.app/$(BUNDLE_EXECUTABLE_FOLDER_PATH)/ExploringKotlinAndSwiftSyntaxSwift";
			};
			name = Debug;
		};
		2AEEF9D12D94D701007F6AB9 /* Release */ = {
			isa = XCBuildConfiguration;
			buildSettings = {
				BUNDLE_LOADER = "$(TEST_HOST)";
				CODE_SIGN_STYLE = Automatic;
				CURRENT_PROJECT_VERSION = 1;
				DEVELOPMENT_TEAM = 5S22W76BBZ;
				GENERATE_INFOPLIST_FILE = YES;
				IPHONEOS_DEPLOYMENT_TARGET = 18.2;
				MARKETING_VERSION = 1.0;
				PRODUCT_BUNDLE_IDENTIFIER = com.kevinhomorales.ExploringKotlinAndSwiftSyntaxSwiftTests;
				PRODUCT_NAME = "$(TARGET_NAME)";
				SWIFT_EMIT_LOC_STRINGS = NO;
				SWIFT_VERSION = 5.0;
				TARGETED_DEVICE_FAMILY = "1,2";
				TEST_HOST = "$(BUILT_PRODUCTS_DIR)/ExploringKotlinAndSwiftSyntaxSwift.app/$(BUNDLE_EXECUTABLE_FOLDER_PATH)/ExploringKotlinAndSwiftSyntaxSwift";
			};
			name = Release;
		};
		2AEEF9D32D94D701007F6AB9 /* Debug */ = {
			isa = XCBuildConfiguration;
			buildSettings = {
				CODE_SIGN_STYLE = Automatic;
				CURRENT_PROJECT_VERSION = 1;
				DEVELOPMENT_TEAM = 5S22W76BBZ;
				GENERATE_INFOPLIST_FILE = YES;
				MARKETING_VERSION = 1.0;
				PRODUCT_BUNDLE_IDENTIFIER = com.kevinhomorales.ExploringKotlinAndSwiftSyntaxSwiftUITests;
				PRODUCT_NAME = "$(TARGET_NAME)";
				SWIFT_EMIT_LOC_STRINGS = NO;
				SWIFT_VERSION = 5.0;
				TARGETED_DEVICE_FAMILY = "1,2";
				TEST_TARGET_NAME = ExploringKotlinAndSwiftSyntaxSwift;
			};
			name = Debug;
		};
		2AEEF9D42D94D701007F6AB9 /* Release */ = {
			isa = XCBuildConfiguration;
			buildSettings = {
				CODE_SIGN_STYLE = Automatic;
				CURRENT_PROJECT_VERSION = 1;
				DEVELOPMENT_TEAM = 5S22W76BBZ;
				GENERATE_INFOPLIST_FILE = YES;
				MARKETING_VERSION = 1.0;
				PRODUCT_BUNDLE_IDENTIFIER = com.kevinhomorales.ExploringKotlinAndSwiftSyntaxSwiftUITests;
				PRODUCT_NAME = "$(TARGET_NAME)";
				SWIFT_EMIT_LOC_STRINGS = NO;
				SWIFT_VERSION = 5.0;
				TARGETED_DEVICE_FAMILY = "1,2";
				TEST_TARGET_NAME = ExploringKotlinAndSwiftSyntaxSwift;
			};
			name = Release;
		};
/* End XCBuildConfiguration section */

/* Begin XCConfigurationList section */
		2AEEF99C2D94D6FF007F6AB9 /* Build configuration list for PBXProject "ExploringKotlinAndSwiftSyntaxSwift" */ = {
			isa = XCConfigurationList;
			buildConfigurations = (
				2AEEF9CD2D94D701007F6AB9 /* Debug */,
				2AEEF9CE2D94D701007F6AB9 /* Release */,
			);
			defaultConfigurationIsVisible = 0;
			defaultConfigurationName = Release;
		};
		2AEEF9CA2D94D701007F6AB9 /* Build configuration list for PBXNativeTarget "ExploringKotlinAndSwiftSyntaxSwift" */ = {
			isa = XCConfigurationList;
			buildConfigurations = (
				2AEEF9CB2D94D701007F6AB9 /* Debug */,
				2AEEF9CC2D94D701007F6AB9 /* Release */,
			);
			defaultConfigurationIsVisible = 0;
			defaultConfigurationName = Release;
		};
		2AEEF9CF2D94D701007F6AB9 /* Build configuration list for PBXNativeTarget "ExploringKotlinAndSwiftSyntaxSwiftTests" */ = {
			isa = XCConfigurationList;
			buildConfigurations = (
				2AEEF9D02D94D701007F6AB9 /* Debug */,
				2AEEF9D12D94D701007F6AB9 /* Release */,
			);
			defaultConfigurationIsVisible = 0;
			defaultConfigurationName = Release;
		};
		2AEEF9D22D94D701007F6AB9 /* Build configuration list for PBXNativeTarget "ExploringKotlinAndSwiftSyntaxSwiftUITests" */ = {
			isa = XCConfigurationList;
			buildConfigurations = (
				2AEEF9D32D94D701007F6AB9 /* Debug */,
				2AEEF9D42D94D701007F6AB9 /* Release */,
			);
			defaultConfigurationIsVisible = 0;
			defaultConfigurationName = Release;
		};
/* End XCConfigurationList section */
	};
	rootObject = 2AEEF9992D94D6FF007F6AB9 /* Project object */;
}
